
Microsoft Visual Studio Solution File, Format Version 12.00
# Visual Studio Version 17
VisualStudioVersion = 17.8.34330.188
MinimumVisualStudioVersion = 10.0.40219.1
Project("{FAE04EC0-301F-11D3-BF4B-00C04F79EFBC}") = "EntityFrameworkCoreLesson", "EntityFrameworkCoreLesson\EntityFrameworkCoreLesson.csproj", "{E27374D8-E080-4CDB-9345-AFDB4D493894}"
EndProject
Global
	GlobalSection(SolutionConfigurationPlatforms) = preSolution
		Debug|Any CPU = Debug|Any CPU
		Release|Any CPU = Release|Any CPU
	EndGlobalSection
	GlobalSection(ProjectConfigurationPlatforms) = postSolution
		{E27374D8-E080-4CDB-9345-AFDB4D493894}.Debug|Any CPU.ActiveCfg = Debug|Any CPU
		{E27374D8-E080-4CDB-9345-AFDB4D493894}.Debug|Any CPU.Build.0 = Debug|Any CPU
		{E27374D8-E080-4CDB-9345-AFDB4D493894}.Release|Any CPU.ActiveCfg = Release|Any CPU
		{E27374D8-E080-4CDB-9345-AFDB4D493894}.Release|Any CPU.Build.0 = Release|Any CPU
	EndGlobalSection
	GlobalSection(SolutionProperties) = preSolution
		HideSolutionNode = FALSE
	EndGlobalSection
	GlobalSection(ExtensibilityGlobals) = postSolution
		SolutionGuid = {E4323673-26A5-442F-81D8-FD3A2981CE85}
	EndGlobalSection
EndGlobal
